
Microsoft Visual Studio Solution File, Format Version 12.00
# Visual Studio 14
VisualStudioVersion = 14.0.25123.0
MinimumVisualStudioVersion = 10.0.40219.1
Project("{FAE04EC0-301F-11D3-BF4B-00C04F79EFBC}") = "GestionFichiersEleves", "GestionFichiersEleves\GestionFichiersEleves.csproj", "{24CCFC56-1805-4D58-8046-A60B619DDC8D}"
EndProject
Global
	GlobalSection(SolutionConfigurationPlatforms) = preSolution
		Debug|Any CPU = Debug|Any CPU
		Release|Any CPU = Release|Any CPU
	EndGlobalSection
	GlobalSection(ProjectConfigurationPlatforms) = postSolution
		{24CCFC56-1805-4D58-8046-A60B619DDC8D}.Debug|Any CPU.ActiveCfg = Debug|Any CPU
		{24CCFC56-1805-4D58-8046-A60B619DDC8D}.Debug|Any CPU.Build.0 = Debug|Any CPU
		{24CCFC56-1805-4D58-8046-A60B619DDC8D}.Release|Any CPU.ActiveCfg = Release|Any CPU
		{24CCFC56-1805-4D58-8046-A60B619DDC8D}.Release|Any CPU.Build.0 = Release|Any CPU
	EndGlobalSection
	GlobalSection(SolutionProperties) = preSolution
		HideSolutionNode = FALSE
	EndGlobalSection
	GlobalSection(CodealikeProperties) = postSolution
		SolutionGuid = 6d3d5294-cf25-4ee1-a0a3-d1060e5ed76b
	EndGlobalSection
EndGlobal
